// !$*UTF8*$!
{
	archiveVersion = 1;
	classes = {
	};
	objectVersion = 77;
	objects = {

/* Begin PBXBuildFile section */
		7AC0DE010000000000000001 /* InTeleprompterShare.appex in Embed Foundation Extensions */ = {isa = PBXBuildFile; fileRef = 7AC0DE010000000000000003 /* InTeleprompterShare.appex */; settings = {ATTRIBUTES = (RemoveHeadersOnCopy, ); }; };
/* End PBXBuildFile section */

/* Begin PBXContainerItemProxy section */
		04126EEB2FDB98B300455737 /* PBXContainerItemProxy */ = {
			isa = PBXContainerItemProxy;
			containerPortal = 040390672FDB2D3A009B32E5 /* Project object */;
			proxyType = 1;
			remoteGlobalIDString = 0403906E2FDB2D3A009B32E5;
			remoteInfo = InTeleprompter;
		};
		7AC0DE010000000000000002 /* PBXContainerItemProxy */ = {
			isa = PBXContainerItemProxy;
			containerPortal = 040390672FDB2D3A009B32E5 /* Project object */;
			proxyType = 1;
			remoteGlobalIDString = 7AC0DE010000000000000007;
			remoteInfo = InTeleprompterShare;
		};
/* End PBXContainerItemProxy section */

/* Begin PBXCopyFilesBuildPhase section */
		7AC0DE010000000000000006 /* Embed Foundation Extensions */ = {
			isa = PBXCopyFilesBuildPhase;
			buildActionMask = 2147483647;
			dstPath = "";
			dstSubfolderSpec = 13;
			files = (
				7AC0DE010000000000000001 /* InTeleprompterShare.appex in Embed Foundation Extensions */,
			);
			name = "Embed Foundation Extensions";
			runOnlyForDeploymentPostprocessing = 0;
		};
/* End PBXCopyFilesBuildPhase section */

/* Begin PBXFileReference section */
		0403906F2FDB2D3A009B32E5 /* InTeleprompter.app */ = {isa = PBXFileReference; explicitFileType = wrapper.application; includeInIndex = 0; path = InTeleprompter.app; sourceTree = BUILT_PRODUCTS_DIR; };
		04126EE72FDB98B300455737 /* InTeleprompterTests.xctest */ = {isa = PBXFileReference; explicitFileType = wrapper.cfbundle; includeInIndex = 0; path = InTeleprompterTests.xctest; sourceTree = BUILT_PRODUCTS_DIR; };
		7AC0DE010000000000000003 /* InTeleprompterShare.appex */ = {isa = PBXFileReference; explicitFileType = "wrapper.app-extension"; includeInIndex = 0; path = InTeleprompterShare.appex; sourceTree = BUILT_PRODUCTS_DIR; };
/* End PBXFileReference section */

/* Begin PBXFileSystemSynchronizedBuildFileExceptionSet section */
		0403908C2FDB3591009B32E5 /* Exceptions for "InTeleprompter" folder in "InTeleprompter" target */ = {
			isa = PBXFileSystemSynchronizedBuildFileExceptionSet;
			membershipExceptions = (
				Info.plist,
			);
			target = 0403906E2FDB2D3A009B32E5 /* InTeleprompter */;
		};
		7AC0DE0D0000000000000001 /* Exceptions for "InTeleprompterShare" folder in "InTeleprompterShare" target */ = {
			isa = PBXFileSystemSynchronizedBuildFileExceptionSet;
			membershipExceptions = (
				Info.plist,
			);
			target = 7AC0DE010000000000000007 /* InTeleprompterShare */;
		};
/* End PBXFileSystemSynchronizedBuildFileExceptionSet section */

/* Begin PBXFileSystemSynchronizedRootGroup section */
		040390712FDB2D3A009B32E5 /* InTeleprompter */ = {
			isa = PBXFileSystemSynchronizedRootGroup;
			exceptions = (
				0403908C2FDB3591009B32E5 /* Exceptions for "InTeleprompter" folder in "InTeleprompter" target */,
			);
			path = InTeleprompter;
			sourceTree = "<group>";
		};
		04126EE82FDB98B300455737 /* InTeleprompterTests */ = {
			isa = PBXFileSystemSynchronizedRootGroup;
			path = InTeleprompterTests;
			sourceTree = "<group>";
		};
		7AC0DE010000000000000004 /* InTeleprompterShare */ = {
			isa = PBXFileSystemSynchronizedRootGroup;
			exceptions = (
				7AC0DE0D0000000000000001 /* Exceptions for "InTeleprompterShare" folder in "InTeleprompterShare" target */,
			);
			path = InTeleprompterShare;
			sourceTree = "<group>";
		};
		7AC0DE010000000000000005 /* Shared */ = {
			isa = PBXFileSystemSynchronizedRootGroup;
			path = Shared;
			sourceTree = "<group>";
		};
/* End PBXFileSystemSynchronizedRootGroup section */

/* Begin PBXFrameworksBuildPhase section */
		0403906C2FDB2D3A009B32E5 /* Frameworks */ = {
			isa = PBXFrameworksBuildPhase;
			buildActionMask = 2147483647;
			files = (
			);
			runOnlyForDeploymentPostprocessing = 0;
		};
		04126EE42FDB98B300455737 /* Frameworks */ = {
			isa = PBXFrameworksBuildPhase;
			buildActionMask = 2147483647;
			files = (
			);
			runOnlyForDeploymentPostprocessing = 0;
		};
		7AC0DE0C0000000000000002 /* Frameworks */ = {
			isa = PBXFrameworksBuildPhase;
			buildActionMask = 2147483647;
			files = (
			);
			runOnlyForDeploymentPostprocessing = 0;
		};
/* End PBXFrameworksBuildPhase section */

/* Begin PBXGroup section */
		040390662FDB2D3A009B32E5 = {
			isa = PBXGroup;
			children = (
				040390712FDB2D3A009B32E5 /* InTeleprompter */,
				7AC0DE010000000000000005 /* Shared */,
				7AC0DE010000000000000004 /* InTeleprompterShare */,
				04126EE82FDB98B300455737 /* InTeleprompterTests */,
				040390702FDB2D3A009B32E5 /* Products */,
			);
			sourceTree = "<group>";
		};
		040390702FDB2D3A009B32E5 /* Products */ = {
			isa = PBXGroup;
			children = (
				0403906F2FDB2D3A009B32E5 /* InTeleprompter.app */,
				04126EE72FDB98B300455737 /* InTeleprompterTests.xctest */,
				7AC0DE010000000000000003 /* InTeleprompterShare.appex */,
			);
			name = Products;
			sourceTree = "<group>";
		};
/* End PBXGroup section */

/* Begin PBXNativeTarget section */
		0403906E2FDB2D3A009B32E5 /* InTeleprompter */ = {
			isa = PBXNativeTarget;
			buildConfigurationList = 0403907A2FDB2D3B009B32E5 /* Build configuration list for PBXNativeTarget "InTeleprompter" */;
			buildPhases = (
				0403906B2FDB2D3A009B32E5 /* Sources */,
				0403906C2FDB2D3A009B32E5 /* Frameworks */,
				0403906D2FDB2D3A009B32E5 /* Resources */,
				7AC0DE010000000000000006 /* Embed Foundation Extensions */,
			);
			buildRules = (
			);
			dependencies = (
				7AC0DE010000000000000008 /* PBXTargetDependency */,
			);
			fileSystemSynchronizedGroups = (
				040390712FDB2D3A009B32E5 /* InTeleprompter */,
				7AC0DE010000000000000005 /* Shared */,
			);
			name = InTeleprompter;
			packageProductDependencies = (
			);
			productName = InTeleprompter;
			productReference = 0403906F2FDB2D3A009B32E5 /* InTeleprompter.app */;
			productType = "com.apple.product-type.application";
		};
		04126EE62FDB98B300455737 /* InTeleprompterTests */ = {
			isa = PBXNativeTarget;
			buildConfigurationList = 04126EED2FDB98B300455737 /* Build configuration list for PBXNativeTarget "InTeleprompterTests" */;
			buildPhases = (
				04126EE32FDB98B300455737 /* Sources */,
				04126EE42FDB98B300455737 /* Frameworks */,
				04126EE52FDB98B300455737 /* Resources */,
			);
			buildRules = (
			);
			dependencies = (
				04126EEC2FDB98B300455737 /* PBXTargetDependency */,
			);
			fileSystemSynchronizedGroups = (
				04126EE82FDB98B300455737 /* InTeleprompterTests */,
			);
			name = InTeleprompterTests;
			packageProductDependencies = (
			);
			productName = InTeleprompterTests;
			productReference = 04126EE72FDB98B300455737 /* InTeleprompterTests.xctest */;
			productType = "com.apple.product-type.bundle.unit-test";
		};
		7AC0DE010000000000000007 /* InTeleprompterShare */ = {
			isa = PBXNativeTarget;
			buildConfigurationList = 7AC0DE01000000000000000B /* Build configuration list for PBXNativeTarget "InTeleprompterShare" */;
			buildPhases = (
				7AC0DE0C0000000000000001 /* Sources */,
				7AC0DE0C0000000000000002 /* Frameworks */,
				7AC0DE0C0000000000000003 /* Resources */,
			);
			buildRules = (
			);
			dependencies = (
			);
			fileSystemSynchronizedGroups = (
				7AC0DE010000000000000004 /* InTeleprompterShare */,
				7AC0DE010000000000000005 /* Shared */,
			);
			name = InTeleprompterShare;
			packageProductDependencies = (
			);
			productName = InTeleprompterShare;
			productReference = 7AC0DE010000000000000003 /* InTeleprompterShare.appex */;
			productType = "com.apple.product-type.app-extension";
		};
/* End PBXNativeTarget section */

/* Begin PBXProject section */
		040390672FDB2D3A009B32E5 /* Project object */ = {
			isa = PBXProject;
			attributes = {
				BuildIndependentTargetsInParallel = 1;
				LastSwiftUpdateCheck = 2650;
				LastUpgradeCheck = 2660;
				TargetAttributes = {
					0403906E2FDB2D3A009B32E5 = {
						CreatedOnToolsVersion = 26.5;
					};
					04126EE62FDB98B300455737 = {
						CreatedOnToolsVersion = 26.5;
						TestTargetID = 0403906E2FDB2D3A009B32E5;
					};
					7AC0DE010000000000000007 = {
						CreatedOnToolsVersion = 26.5;
					};
				};
			};
			buildConfigurationList = 0403906A2FDB2D3A009B32E5 /* Build configuration list for PBXProject "InTeleprompter" */;
			developmentRegion = en;
			hasScannedForEncodings = 0;
			knownRegions = (
				en,
				Base,
			);
			mainGroup = 040390662FDB2D3A009B32E5;
			minimizedProjectReferenceProxies = 1;
			preferredProjectObjectVersion = 77;
			productRefGroup = 040390702FDB2D3A009B32E5 /* Products */;
			projectDirPath = "";
			projectRoot = "";
			targets = (
				0403906E2FDB2D3A009B32E5 /* InTeleprompter */,
				04126EE62FDB98B300455737 /* InTeleprompterTests */,
				7AC0DE010000000000000007 /* InTeleprompterShare */,
			);
		};
/* End PBXProject section */

/* Begin PBXResourcesBuildPhase section */
		0403906D2FDB2D3A009B32E5 /* Resources */ = {
			isa = PBXResourcesBuildPhase;
			buildActionMask = 2147483647;
			files = (
			);
			runOnlyForDeploymentPostprocessing = 0;
		};
		04126EE52FDB98B300455737 /* Resources */ = {
			isa = PBXResourcesBuildPhase;
			buildActionMask = 2147483647;
			files = (
			);
			runOnlyForDeploymentPostprocessing = 0;
		};
		7AC0DE0C0000000000000003 /* Resources */ = {
			isa = PBXResourcesBuildPhase;
			buildActionMask = 2147483647;
			files = (
			);
			runOnlyForDeploymentPostprocessing = 0;
		};
/* End PBXResourcesBuildPhase section */

/* Begin PBXSourcesBuildPhase section */
		0403906B2FDB2D3A009B32E5 /* Sources */ = {
			isa = PBXSourcesBuildPhase;
			buildActionMask = 2147483647;
			files = (
			);
			runOnlyForDeploymentPostprocessing = 0;
		};
		04126EE32FDB98B300455737 /* Sources */ = {
			isa = PBXSourcesBuildPhase;
			buildActionMask = 2147483647;
			files = (
			);
			runOnlyForDeploymentPostprocessing = 0;
		};
		7AC0DE0C0000000000000001 /* Sources */ = {
			isa = PBXSourcesBuildPhase;
			buildActionMask = 2147483647;
			files = (
			);
			runOnlyForDeploymentPostprocessing = 0;
		};
/* End PBXSourcesBuildPhase section */

/* Begin PBXTargetDependency section */
		04126EEC2FDB98B300455737 /* PBXTargetDependency */ = {
			isa = PBXTargetDependency;
			target = 0403906E2FDB2D3A009B32E5 /* InTeleprompter */;
			targetProxy = 04126EEB2FDB98B300455737 /* PBXContainerItemProxy */;
		};
		7AC0DE010000000000000008 /* PBXTargetDependency */ = {
			isa = PBXTargetDependency;
			target = 7AC0DE010000000000000007 /* InTeleprompterShare */;
			targetProxy = 7AC0DE010000000000000002 /* PBXContainerItemProxy */;
		};
/* End PBXTargetDependency section */

/* Begin XCBuildConfiguration section */
		040390782FDB2D3B009B32E5 /* Debug */ = {
			isa = XCBuildConfiguration;
			buildSettings = {
				ALWAYS_SEARCH_USER_PATHS = NO;
				ASSETCATALOG_COMPILER_GENERATE_SWIFT_ASSET_SYMBOL_EXTENSIONS = YES;
				CLANG_ANALYZER_NONNULL = YES;
				CLANG_ANALYZER_NUMBER_OBJECT_CONVERSION = YES_AGGRESSIVE;
				CLANG_CXX_LANGUAGE_STANDARD = "gnu++20";
				CLANG_ENABLE_MODULES = YES;
				CLANG_ENABLE_OBJC_ARC = YES;
				CLANG_ENABLE_OBJC_WEAK = YES;
				CLANG_WARN_BLOCK_CAPTURE_AUTORELEASING = YES;
				CLANG_WARN_BOOL_CONVERSION = YES;
				CLANG_WARN_COMMA = YES;
				CLANG_WARN_CONSTANT_CONVERSION = YES;
				CLANG_WARN_DEPRECATED_OBJC_IMPLEMENTATIONS = YES;
				CLANG_WARN_DIRECT_OBJC_ISA_USAGE = YES_ERROR;
				CLANG_WARN_DOCUMENTATION_COMMENTS = YES;
				CLANG_WARN_EMPTY_BODY = YES;
				CLANG_WARN_ENUM_CONVERSION = YES;
				CLANG_WARN_INFINITE_RECURSION = YES;
				CLANG_WARN_INT_CONVERSION = YES;
				CLANG_WARN_NON_LITERAL_NULL_CONVERSION = YES;
				CLANG_WARN_OBJC_IMPLICIT_RETAIN_SELF = YES;
				CLANG_WARN_OBJC_LITERAL_CONVERSION = YES;
				CLANG_WARN_OBJC_ROOT_CLASS = YES_ERROR;
				CLANG_WARN_QUOTED_INCLUDE_IN_FRAMEWORK_HEADER = YES;
				CLANG_WARN_RANGE_LOOP_ANALYSIS = YES;
				CLANG_WARN_STRICT_PROTOTYPES = YES;
				CLANG_WARN_SUSPICIOUS_MOVE = YES;
				CLANG_WARN_UNGUARDED_AVAILABILITY = YES_AGGRESSIVE;
				CLANG_WARN_UNREACHABLE_CODE = YES;
				CLANG_WARN__DUPLICATE_METHOD_MATCH = YES;
				COPY_PHASE_STRIP = NO;
				DEBUG_INFORMATION_FORMAT = dwarf;
				DEVELOPMENT_TEAM = W826XVM526;
				ENABLE_STRICT_OBJC_MSGSEND = YES;
				ENABLE_TESTABILITY = YES;
				ENABLE_USER_SCRIPT_SANDBOXING = YES;
				GCC_C_LANGUAGE_STANDARD = gnu17;
				GCC_DYNAMIC_NO_PIC = NO;
				GCC_NO_COMMON_BLOCKS = YES;
				GCC_OPTIMIZATION_LEVEL = 0;
				GCC_PREPROCESSOR_DEFINITIONS = (
					"DEBUG=1",
					"$(inherited)",
				);
				GCC_WARN_64_TO_32_BIT_CONVERSION = YES;
				GCC_WARN_ABOUT_RETURN_TYPE = YES_ERROR;
				GCC_WARN_UNDECLARED_SELECTOR = YES;
				GCC_WARN_UNINITIALIZED_AUTOS = YES_AGGRESSIVE;
				GCC_WARN_UNUSED_FUNCTION = YES;
				GCC_WARN_UNUSED_VARIABLE = YES;
				IPHONEOS_DEPLOYMENT_TARGET = 17.6;
				LOCALIZATION_PREFERS_STRING_CATALOGS = YES;
				MTL_ENABLE_DEBUG_INFO = INCLUDE_SOURCE;
				MTL_FAST_MATH = YES;
				ONLY_ACTIVE_ARCH = YES;
				SDKROOT = iphoneos;
				STRING_CATALOG_GENERATE_SYMBOLS = YES;
				SWIFT_ACTIVE_COMPILATION_CONDITIONS = "DEBUG $(inherited)";
				SWIFT_OPTIMIZATION_LEVEL = "-Onone";
			};
			name = Debug;
		};
		040390792FDB2D3B009B32E5 /* Release */ = {
			isa = XCBuildConfiguration;
			buildSettings = {
				ALWAYS_SEARCH_USER_PATHS = NO;
				ASSETCATALOG_COMPILER_GENERATE_SWIFT_ASSET_SYMBOL_EXTENSIONS = YES;
				CLANG_ANALYZER_NONNULL = YES;
				CLANG_ANALYZER_NUMBER_OBJECT_CONVERSION = YES_AGGRESSIVE;
				CLANG_CXX_LANGUAGE_STANDARD = "gnu++20";
				CLANG_ENABLE_MODULES = YES;
				CLANG_ENABLE_OBJC_ARC = YES;
				CLANG_ENABLE_OBJC_WEAK = YES;
				CLANG_WARN_BLOCK_CAPTURE_AUTORELEASING = YES;
				CLANG_WARN_BOOL_CONVERSION = YES;
				CLANG_WARN_COMMA = YES;
				CLANG_WARN_CONSTANT_CONVERSION = YES;
				CLANG_WARN_DEPRECATED_OBJC_IMPLEMENTATIONS = YES;
				CLANG_WARN_DIRECT_OBJC_ISA_USAGE = YES_ERROR;
				CLANG_WARN_DOCUMENTATION_COMMENTS = YES;
				CLANG_WARN_EMPTY_BODY = YES;
				CLANG_WARN_ENUM_CONVERSION = YES;
				CLANG_WARN_INFINITE_RECURSION = YES;
				CLANG_WARN_INT_CONVERSION = YES;
				CLANG_WARN_NON_LITERAL_NULL_CONVERSION = YES;
				CLANG_WARN_OBJC_IMPLICIT_RETAIN_SELF = YES;
				CLANG_WARN_OBJC_LITERAL_CONVERSION = YES;
				CLANG_WARN_OBJC_ROOT_CLASS = YES_ERROR;
				CLANG_WARN_QUOTED_INCLUDE_IN_FRAMEWORK_HEADER = YES;
				CLANG_WARN_RANGE_LOOP_ANALYSIS = YES;
				CLANG_WARN_STRICT_PROTOTYPES = YES;
				CLANG_WARN_SUSPICIOUS_MOVE = YES;
				CLANG_WARN_UNGUARDED_AVAILABILITY = YES_AGGRESSIVE;
				CLANG_WARN_UNREACHABLE_CODE = YES;
				CLANG_WARN__DUPLICATE_METHOD_MATCH = YES;
				COPY_PHASE_STRIP = NO;
				DEBUG_INFORMATION_FORMAT = "dwarf-with-dsym";
				DEVELOPMENT_TEAM = W826XVM526;
				ENABLE_NS_ASSERTIONS = NO;
				ENABLE_STRICT_OBJC_MSGSEND = YES;
				ENABLE_USER_SCRIPT_SANDBOXING = YES;
				GCC_C_LANGUAGE_STANDARD = gnu17;
				GCC_NO_COMMON_BLOCKS = YES;
				GCC_WARN_64_TO_32_BIT_CONVERSION = YES;
				GCC_WARN_ABOUT_RETURN_TYPE = YES_ERROR;
				GCC_WARN_UNDECLARED_SELECTOR = YES;
				GCC_WARN_UNINITIALIZED_AUTOS = YES_AGGRESSIVE;
				GCC_WARN_UNUSED_FUNCTION = YES;
				GCC_WARN_UNUSED_VARIABLE = YES;
				IPHONEOS_DEPLOYMENT_TARGET = 17.6;
				LOCALIZATION_PREFERS_STRING_CATALOGS = YES;
				MTL_ENABLE_DEBUG_INFO = NO;
				MTL_FAST_MATH = YES;
				SDKROOT = iphoneos;
				STRING_CATALOG_GENERATE_SYMBOLS = YES;
				SWIFT_COMPILATION_MODE = wholemodule;
				VALIDATE_PRODUCT = YES;
			};
			name = Release;
		};
		0403907B2FDB2D3B009B32E5 /* Debug */ = {
			isa = XCBuildConfiguration;
			buildSettings = {
				ASSETCATALOG_COMPILER_APPICON_NAME = AppIcon;
				ASSETCATALOG_COMPILER_GLOBAL_ACCENT_COLOR_NAME = AccentColor;
				CODE_SIGN_ENTITLEMENTS = InTeleprompter/InTeleprompter.entitlements;
				CODE_SIGN_STYLE = Automatic;
				CURRENT_PROJECT_VERSION = 1;
				DEVELOPMENT_TEAM = W826XVM526;
				ENABLE_PREVIEWS = YES;
				GENERATE_INFOPLIST_FILE = YES;
				INFOPLIST_FILE = InTeleprompter/Info.plist;
				INFOPLIST_KEY_CFBundleDisplayName = InTeleprompter;
				INFOPLIST_KEY_LSApplicationCategoryType = "public.app-category.video";
				INFOPLIST_KEY_NSCameraUsageDescription = "We use the camera to record your teleprompter takes.";
				INFOPLIST_KEY_NSMicrophoneUsageDescription = "We use the microphone to record audio with your video.";
				INFOPLIST_KEY_NSPhotoLibraryAddUsageDescription = "Finished recordings are saved to your Photos library.";
				INFOPLIST_KEY_NSSpeechRecognitionUsageDescription = "Speech recognition lets the prompter follow your voice and scroll as you read.";
				INFOPLIST_KEY_UIApplicationSceneManifest_Generation = YES;
				INFOPLIST_KEY_UIApplicationSupportsIndirectInputEvents = YES;
				INFOPLIST_KEY_UILaunchScreen_Generation = YES;
				INFOPLIST_KEY_UISupportedInterfaceOrientations = "UIInterfaceOrientationLandscapeLeft UIInterfaceOrientationLandscapeRight UIInterfaceOrientationPortrait";
				INFOPLIST_KEY_UISupportedInterfaceOrientations_iPad = "UIInterfaceOrientationLandscapeLeft UIInterfaceOrientationLandscapeRight UIInterfaceOrientationPortrait UIInterfaceOrientationPortraitUpsideDown";
				IPHONEOS_DEPLOYMENT_TARGET = 17.6;
				LD_RUNPATH_SEARCH_PATHS = (
					"$(inherited)",
					"@executable_path/Frameworks",
				);
				MARKETING_VERSION = 1.0;
				PRODUCT_BUNDLE_IDENTIFIER = jack.InTeleprompter;
				PRODUCT_NAME = "$(TARGET_NAME)";
				STRING_CATALOG_GENERATE_SYMBOLS = YES;
				SWIFT_APPROACHABLE_CONCURRENCY = YES;
				SWIFT_DEFAULT_ACTOR_ISOLATION = MainActor;
				SWIFT_EMIT_LOC_STRINGS = YES;
				SWIFT_UPCOMING_FEATURE_MEMBER_IMPORT_VISIBILITY = YES;
				SWIFT_VERSION = 5.0;
				TARGETED_DEVICE_FAMILY = "1,2";
			};
			name = Debug;
		};
		0403907C2FDB2D3B009B32E5 /* Release */ = {
			isa = XCBuildConfiguration;
			buildSettings = {
				ASSETCATALOG_COMPILER_APPICON_NAME = AppIcon;
				ASSETCATALOG_COMPILER_GLOBAL_ACCENT_COLOR_NAME = AccentColor;
				CODE_SIGN_ENTITLEMENTS = InTeleprompter/InTeleprompter.entitlements;
				CODE_SIGN_STYLE = Automatic;
				CURRENT_PROJECT_VERSION = 1;
				DEVELOPMENT_TEAM = W826XVM526;
				ENABLE_PREVIEWS = YES;
				GENERATE_INFOPLIST_FILE = YES;
				INFOPLIST_FILE = InTeleprompter/Info.plist;
				INFOPLIST_KEY_CFBundleDisplayName = InTeleprompter;
				INFOPLIST_KEY_LSApplicationCategoryType = "public.app-category.video";
				INFOPLIST_KEY_NSCameraUsageDescription = "We use the camera to record your teleprompter takes.";
				INFOPLIST_KEY_NSMicrophoneUsageDescription = "We use the microphone to record audio with your video.";
				INFOPLIST_KEY_NSPhotoLibraryAddUsageDescription = "Finished recordings are saved to your Photos library.";
				INFOPLIST_KEY_NSSpeechRecognitionUsageDescription = "Speech recognition lets the prompter follow your voice and scroll as you read.";
				INFOPLIST_KEY_UIApplicationSceneManifest_Generation = YES;
				INFOPLIST_KEY_UIApplicationSupportsIndirectInputEvents = YES;
				INFOPLIST_KEY_UILaunchScreen_Generation = YES;
				INFOPLIST_KEY_UISupportedInterfaceOrientations = "UIInterfaceOrientationLandscapeLeft UIInterfaceOrientationLandscapeRight UIInterfaceOrientationPortrait";
				INFOPLIST_KEY_UISupportedInterfaceOrientations_iPad = "UIInterfaceOrientationLandscapeLeft UIInterfaceOrientationLandscapeRight UIInterfaceOrientationPortrait UIInterfaceOrientationPortraitUpsideDown";
				IPHONEOS_DEPLOYMENT_TARGET = 17.6;
				LD_RUNPATH_SEARCH_PATHS = (
					"$(inherited)",
					"@executable_path/Frameworks",
				);
				MARKETING_VERSION = 1.0;
				PRODUCT_BUNDLE_IDENTIFIER = jack.InTeleprompter;
				PRODUCT_NAME = "$(TARGET_NAME)";
				STRING_CATALOG_GENERATE_SYMBOLS = YES;
				SWIFT_APPROACHABLE_CONCURRENCY = YES;
				SWIFT_DEFAULT_ACTOR_ISOLATION = MainActor;
				SWIFT_EMIT_LOC_STRINGS = YES;
				SWIFT_UPCOMING_FEATURE_MEMBER_IMPORT_VISIBILITY = YES;
				SWIFT_VERSION = 5.0;
				TARGETED_DEVICE_FAMILY = "1,2";
			};
			name = Release;
		};
		04126EEE2FDB98B300455737 /* Debug */ = {
			isa = XCBuildConfiguration;
			buildSettings = {
				BUNDLE_LOADER = "$(TEST_HOST)";
				CODE_SIGN_STYLE = Automatic;
				CURRENT_PROJECT_VERSION = 1;
				DEVELOPMENT_TEAM = W826XVM526;
				GENERATE_INFOPLIST_FILE = YES;
				MARKETING_VERSION = 1.0;
				PRODUCT_BUNDLE_IDENTIFIER = jack.InTeleprompterTests;
				PRODUCT_NAME = "$(TARGET_NAME)";
				STRING_CATALOG_GENERATE_SYMBOLS = NO;
				SWIFT_APPROACHABLE_CONCURRENCY = YES;
				SWIFT_EMIT_LOC_STRINGS = NO;
				SWIFT_UPCOMING_FEATURE_MEMBER_IMPORT_VISIBILITY = YES;
				SWIFT_VERSION = 5.0;
				TARGETED_DEVICE_FAMILY = "1,2";
				TEST_HOST = "$(BUILT_PRODUCTS_DIR)/InTeleprompter.app/$(BUNDLE_EXECUTABLE_FOLDER_PATH)/InTeleprompter";
			};
			name = Debug;
		};
		04126EEF2FDB98B300455737 /* Release */ = {
			isa = XCBuildConfiguration;
			buildSettings = {
				BUNDLE_LOADER = "$(TEST_HOST)";
				CODE_SIGN_STYLE = Automatic;
				CURRENT_PROJECT_VERSION = 1;
				DEVELOPMENT_TEAM = W826XVM526;
				GENERATE_INFOPLIST_FILE = YES;
				MARKETING_VERSION = 1.0;
				PRODUCT_BUNDLE_IDENTIFIER = jack.InTeleprompterTests;
				PRODUCT_NAME = "$(TARGET_NAME)";
				STRING_CATALOG_GENERATE_SYMBOLS = NO;
				SWIFT_APPROACHABLE_CONCURRENCY = YES;
				SWIFT_EMIT_LOC_STRINGS = NO;
				SWIFT_UPCOMING_FEATURE_MEMBER_IMPORT_VISIBILITY = YES;
				SWIFT_VERSION = 5.0;
				TARGETED_DEVICE_FAMILY = "1,2";
				TEST_HOST = "$(BUILT_PRODUCTS_DIR)/InTeleprompter.app/$(BUNDLE_EXECUTABLE_FOLDER_PATH)/InTeleprompter";
			};
			name = Release;
		};
		7AC0DE010000000000000009 /* Debug */ = {
			isa = XCBuildConfiguration;
			buildSettings = {
				CODE_SIGN_ENTITLEMENTS = InTeleprompterShare/InTeleprompterShare.entitlements;
				CODE_SIGN_STYLE = Automatic;
				CURRENT_PROJECT_VERSION = 1;
				DEVELOPMENT_TEAM = W826XVM526;
				GENERATE_INFOPLIST_FILE = NO;
				INFOPLIST_FILE = InTeleprompterShare/Info.plist;
				IPHONEOS_DEPLOYMENT_TARGET = 17.6;
				LD_RUNPATH_SEARCH_PATHS = (
					"$(inherited)",
					"@executable_path/Frameworks",
					"@executable_path/../../Frameworks",
				);
				MARKETING_VERSION = 1.0;
				PRODUCT_BUNDLE_IDENTIFIER = jack.InTeleprompter.Share;
				PRODUCT_NAME = "$(TARGET_NAME)";
				SKIP_INSTALL = YES;
				SWIFT_APPROACHABLE_CONCURRENCY = YES;
				SWIFT_DEFAULT_ACTOR_ISOLATION = MainActor;
				SWIFT_EMIT_LOC_STRINGS = YES;
				SWIFT_VERSION = 5.0;
				TARGETED_DEVICE_FAMILY = "1,2";
			};
			name = Debug;
		};
		7AC0DE01000000000000000A /* Release */ = {
			isa = XCBuildConfiguration;
			buildSettings = {
				CODE_SIGN_ENTITLEMENTS = InTeleprompterShare/InTeleprompterShare.entitlements;
				CODE_SIGN_STYLE = Automatic;
				CURRENT_PROJECT_VERSION = 1;
				DEVELOPMENT_TEAM = W826XVM526;
				GENERATE_INFOPLIST_FILE = NO;
				INFOPLIST_FILE = InTeleprompterShare/Info.plist;
				IPHONEOS_DEPLOYMENT_TARGET = 17.6;
				LD_RUNPATH_SEARCH_PATHS = (
					"$(inherited)",
					"@executable_path/Frameworks",
					"@executable_path/../../Frameworks",
				);
				MARKETING_VERSION = 1.0;
				PRODUCT_BUNDLE_IDENTIFIER = jack.InTeleprompter.Share;
				PRODUCT_NAME = "$(TARGET_NAME)";
				SKIP_INSTALL = YES;
				SWIFT_APPROACHABLE_CONCURRENCY = YES;
				SWIFT_DEFAULT_ACTOR_ISOLATION = MainActor;
				SWIFT_EMIT_LOC_STRINGS = YES;
				SWIFT_VERSION = 5.0;
				TARGETED_DEVICE_FAMILY = "1,2";
			};
			name = Release;
		};
/* End XCBuildConfiguration section */

/* Begin XCConfigurationList section */
		0403906A2FDB2D3A009B32E5 /* Build configuration list for PBXProject "InTeleprompter" */ = {
			isa = XCConfigurationList;
			buildConfigurations = (
				040390782FDB2D3B009B32E5 /* Debug */,
				040390792FDB2D3B009B32E5 /* Release */,
			);
			defaultConfigurationIsVisible = 0;
			defaultConfigurationName = Release;
		};
		0403907A2FDB2D3B009B32E5 /* Build configuration list for PBXNativeTarget "InTeleprompter" */ = {
			isa = XCConfigurationList;
			buildConfigurations = (
				0403907B2FDB2D3B009B32E5 /* Debug */,
				0403907C2FDB2D3B009B32E5 /* Release */,
			);
			defaultConfigurationIsVisible = 0;
			defaultConfigurationName = Release;
		};
		04126EED2FDB98B300455737 /* Build configuration list for PBXNativeTarget "InTeleprompterTests" */ = {
			isa = XCConfigurationList;
			buildConfigurations = (
				04126EEE2FDB98B300455737 /* Debug */,
				04126EEF2FDB98B300455737 /* Release */,
			);
			defaultConfigurationIsVisible = 0;
			defaultConfigurationName = Release;
		};
		7AC0DE01000000000000000B /* Build configuration list for PBXNativeTarget "InTeleprompterShare" */ = {
			isa = XCConfigurationList;
			buildConfigurations = (
				7AC0DE010000000000000009 /* Debug */,
				7AC0DE01000000000000000A /* Release */,
			);
			defaultConfigurationIsVisible = 0;
			defaultConfigurationName = Release;
		};
/* End XCConfigurationList section */
	};
	rootObject = 040390672FDB2D3A009B32E5 /* Project object */;
}
